{
  "version": 4,
  "terraform_version": "1.13.3",
  "serial": 20,
  "lineage": "138747e8-46a9-83a9-30e8-1ad104f02ccb",
  "outputs": {
    "acr_name": {
      "value": "nimbusrgacrw04nz",
      "type": "string"
    },
    "aks_cluster_name": {
      "value": "nimbusrg-aks",
      "type": "string"
    },
    "key_vault_name": {
      "value": "nimbusrg-kvw04nz",
      "type": "string"
    },
    "resource_group_name": {
      "value": "nimbusrg-rg",
      "type": "string"
    },
    "storage_account_name": {
      "value": "nimbusrgsaw04nz",
      "type": "string"
    }
  },
  "resources": [
    {
      "mode": "data",
      "type": "azurerm_client_config",
      "name": "current",
      "provider": "provider[\"registry.terraform.io/hashicorp/azurerm\"]",
      "instances": [
        {
          "schema_version": 0,
          "attributes": {
            "client_id": "04b07795-8ddb-461a-bbee-02f9e1bf7b46",
            "id": "Y2xpZW50Q29uZmlncy9jbGllbnRJZD0wNGIwNzc5NS04ZGRiLTQ2MWEtYmJlZS0wMmY5ZTFiZjdiNDY7b2JqZWN0SWQ9MmZhMjhlMDMtYWNkNy00ZDhiLWJkNGMtZTUxYjRjNzk1NzU0O3N1YnNjcmlwdGlvbklkPTk2ZmY5Njc1LTUyYjQtNDY1My1iOGIyLTBkODNjY2NmMzdmZTt0ZW5hbnRJZD01ZWVmMGE0Zi0yOWRhLTQzNWUtOTIxYy00OTZhYTcyNWM3MTE=",
            "object_id": "2fa28e03-acd7-4d8b-bd4c-e51b4c795754",
            "subscription_id": "96ff9675-52b4-4653-b8b2-0d83cccf37fe",
            "tenant_id": "5eef0a4f-29da-435e-921c-496aa725c711",
            "timeouts": null
          },
          "sensitive_attributes": [],
          "identity_schema_version": 0
        }
      ]
    },
    {
      "mode": "managed",
      "type": "azurerm_container_registry",
      "name": "acr",
      "provider": "provider[\"registry.terraform.io/hashicorp/azurerm\"]",
      "instances": [
        {
          "schema_version": 2,
          "attributes": {
            "admin_enabled": false,
            "admin_password": "",
            "admin_username": "",
            "anonymous_pull_enabled": false,
            "data_endpoint_enabled": false,
            "data_endpoint_host_names": [],
            "encryption": [],
            "export_policy_enabled": true,
            "georeplications": [],
            "id": "/subscriptions/96ff9675-52b4-4653-b8b2-0d83cccf37fe/resourceGroups/nimbusrg-rg/providers/Microsoft.ContainerRegistry/registries/nimbusrgacrw04nz",
            "identity": [],
            "location": "westeurope",
            "login_server": "nimbusrgacrw04nz.azurecr.io",
            "name": "nimbusrgacrw04nz",
            "network_rule_bypass_option": "AzureServices",
            "network_rule_set": [],
            "public_network_access_enabled": true,
            "quarantine_policy_enabled": false,
            "resource_group_name": "nimbusrg-rg",
            "retention_policy_in_days": 0,
            "sku": "Basic",
            "tags": {
              "environment": "Dev",
              "owner": "nimbus"
            },
            "timeouts": null,
            "trust_policy_enabled": false,
            "zone_redundancy_enabled": false
          },
          "sensitive_attributes": [
            [
              {
                "type": "get_attr",
                "value": "admin_password"
              }
            ]
          ],
          "identity_schema_version": 0,
          "private": "eyJlMmJmYjczMC1lY2FhLTExZTYtOGY4OC0zNDM2M2JjN2M0YzAiOnsiY3JlYXRlIjoxODAwMDAwMDAwMDAwLCJkZWxldGUiOjE4MDAwMDAwMDAwMDAsInJlYWQiOjMwMDAwMDAwMDAwMCwidXBkYXRlIjoxODAwMDAwMDAwMDAwfSwic2NoZW1hX3ZlcnNpb24iOiIyIn0=",
          "dependencies": [
            "azurerm_resource_group.rg",
            "random_string.sfx"
          ]
        }
      ]
    },
    {
      "mode": "managed",
      "type": "azurerm_key_vault",
      "name": "kv",
      "provider": "provider[\"registry.terraform.io/hashicorp/azurerm\"]",
      "instances": [
        {
          "schema_version": 2,
          "attributes": {
            "access_policy": [],
            "contact": [],
            "enable_rbac_authorization": true,
            "enabled_for_deployment": false,
            "enabled_for_disk_encryption": false,
            "enabled_for_template_deployment": false,
            "id": "/subscriptions/96ff9675-52b4-4653-b8b2-0d83cccf37fe/resourceGroups/nimbusrg-rg/providers/Microsoft.KeyVault/vaults/nimbusrg-kvw04nz",
            "location": "westeurope",
            "name": "nimbusrg-kvw04nz",
            "network_acls": [
              {
                "bypass": "AzureServices",
                "default_action": "Allow",
                "ip_rules": [],
                "virtual_network_subnet_ids": []
              }
            ],
            "public_network_access_enabled": true,
            "purge_protection_enabled": false,
            "rbac_authorization_enabled": true,
            "resource_group_name": "nimbusrg-rg",
            "sku_name": "standard",
            "soft_delete_retention_days": 7,
            "tags": {
              "environment": "Dev",
              "owner": "nimbus"
            },
            "tenant_id": "5eef0a4f-29da-435e-921c-496aa725c711",
            "timeouts": null,
            "vault_uri": "https://nimbusrg-kvw04nz.vault.azure.net/"
          },
          "sensitive_attributes": [],
          "identity_schema_version": 0,
          "private": "eyJlMmJmYjczMC1lY2FhLTExZTYtOGY4OC0zNDM2M2JjN2M0YzAiOnsiY3JlYXRlIjoxODAwMDAwMDAwMDAwLCJkZWxldGUiOjE4MDAwMDAwMDAwMDAsInJlYWQiOjMwMDAwMDAwMDAwMCwidXBkYXRlIjoxODAwMDAwMDAwMDAwfSwic2NoZW1hX3ZlcnNpb24iOiIyIn0=",
          "dependencies": [
            "azurerm_resource_group.rg",
            "data.azurerm_client_config.current",
            "random_string.sfx"
          ]
        }
      ]
    },
    {
      "mode": "managed",
      "type": "azurerm_kubernetes_cluster",
      "name": "aks",
      "provider": "provider[\"registry.terraform.io/hashicorp/azurerm\"]",
      "instances": [
        {
          "schema_version": 2,
          "attributes": {
            "aci_connector_linux": [],
            "ai_toolchain_operator_enabled": false,
            "api_server_access_profile": [],
            "auto_scaler_profile": [],
            "automatic_upgrade_channel": "",
            "azure_active_directory_role_based_access_control": [],
            "azure_policy_enabled": null,
            "bootstrap_profile": [
              {
                "artifact_source": "Direct",
                "container_registry_id": ""
              }
            ],
            "confidential_computing": [],
            "cost_analysis_enabled": false,
            "current_kubernetes_version": "1.32.9",
            "custom_ca_trust_certificates_base64": [],
            "default_node_pool": [
              {
                "auto_scaling_enabled": false,
                "capacity_reservation_group_id": "",
                "fips_enabled": false,
                "gpu_driver": "",
                "gpu_instance": "",
                "host_encryption_enabled": false,
                "host_group_id": "",
                "kubelet_config": [],
                "kubelet_disk_type": "OS",
                "linux_os_config": [],
                "max_count": 0,
                "max_pods": 250,
                "min_count": 0,
                "name": "default",
                "node_count": 1,
                "node_labels": {},
                "node_network_profile": [],
                "node_public_ip_enabled": false,
                "node_public_ip_prefix_id": "",
                "only_critical_addons_enabled": false,
                "orchestrator_version": "1.32",
                "os_disk_size_gb": 128,
                "os_disk_type": "Managed",
                "os_sku": "Ubuntu",
                "pod_subnet_id": "",
                "proximity_placement_group_id": "",
                "scale_down_mode": "Delete",
                "snapshot_id": "",
                "tags": {},
                "temporary_name_for_rotation": "",
                "type": "VirtualMachineScaleSets",
                "ultra_ssd_enabled": false,
                "upgrade_settings": [
                  {
                    "drain_timeout_in_minutes": 0,
                    "max_surge": "10%",
                    "node_soak_duration_in_minutes": 0,
                    "undrainable_node_behavior": ""
                  }
                ],
                "vm_size": "Standard_B2s",
                "vnet_subnet_id": "",
                "workload_runtime": "",
                "zones": []
              }
            ],
            "disk_encryption_set_id": "",
            "dns_prefix": "nimbusrg",
            "dns_prefix_private_cluster": "",
            "edge_zone": "",
            "fqdn": "nimbusrg-wo46fxlw.hcp.westeurope.azmk8s.io",
            "http_application_routing_enabled": null,
            "http_application_routing_zone_name": null,
            "http_proxy_config": [],
            "id": "/subscriptions/96ff9675-52b4-4653-b8b2-0d83cccf37fe/resourceGroups/nimbusrg-rg/providers/Microsoft.ContainerService/managedClusters/nimbusrg-aks",
            "identity": [
              {
                "identity_ids": [],
                "principal_id": "5bcb406e-a36b-4c71-b340-91c642b56977",
                "tenant_id": "5eef0a4f-29da-435e-921c-496aa725c711",
                "type": "SystemAssigned"
              }
            ],
            "image_cleaner_enabled": null,
            "image_cleaner_interval_hours": null,
            "ingress_application_gateway": [],
            "key_management_service": [],
            "key_vault_secrets_provider": [],
            "kube_admin_config": [],
            "kube_admin_config_raw": "",
            "kube_config": [
              {
                "client_certificate": "LS0tLS1CRUdJTiBDRVJUSUZJQ0FURS0tLS0tCk1JSUZIVENDQXdXZ0F3SUJBZ0lRRm5xSWNiZUE3RDk1UFhMSytLOXRuREFOQmdrcWhraUc5dzBCQVFzRkFEQU4KTVFzd0NRWURWUVFERXdKallUQWVGdzB5TlRFeE1UZ3lNelF6TXpGYUZ3MHlOekV4TVRneU16VXpNekZhTURBeApGekFWQmdOVkJBb1REbk41YzNSbGJUcHRZWE4wWlhKek1SVXdFd1lEVlFRREV3eHRZWE4wWlhKamJHbGxiblF3CmdnSWlNQTBHQ1NxR1NJYjNEUUVCQVFVQUE0SUNEd0F3Z2dJS0FvSUNBUUNpSytGamNxRXVQeXZEMVA2dVJDdCsKMmdOQndtRzBybjRzQUgwRUNMSS9WTFAyR2JkNjhmT0h6WTFTTzk4NGxEKzJLdzVvOEs3eFVwaUNveFJTU0t0WgpidzkvYkNzL3dZMzFzbXdXalVjQjFUR1poSmd0ZlZTaS9xUDRLU2hsWFdDaGd5VjltUVc5SU5TWnUzdzRoaG1hCm0yd1FQWEhja0JVa3pCdzJEVG1Ba2Z6VG00clpFcndyb2VtcGY0bDIvTTMxc21TcE02NDZXcTJoczh3aHRkRzgKRmpIVUxoK0o5WlcvbUNLYVhaYXJJdDhLUnFsY0NZOWNDU1RIVG0ya0JETG1wWEJPTklyV0x5UlVxQ1Y1NjZPVgpQdGZick1ENlVSUXgxOHNwK2J1SWl2WXJWaDY2S1lVM1hkdy9rak5IQ3lzaU0vS1lMOVFhUDQrcy9ycHB5TkNHCkhBUUlSK25oT3dhSUZ2OVVNTEtXRk0vbnVKbnpDcVZZMzVSdTZiTnVpQXBqSEhrN1IrdDVrRi9Qb2prenlCb3YKclBMNjI2SnA5OWEwanVlMzhsbzBLVzJYb2ZlVG02WGdmY1lLSVMvMzVrK2FrcXNkRXR2QW9SMjVmUk1aZ2s4SwpLWEFvOUlwSWhCdDF2ZmRGNzQ5U2ZxeDl0TDBBNkhVZ1BJN3RFR1lBMW1tcW50ZVQxRW9NNkZiM2hicWMzK3oyCmY2c0txNDhzWXlvNlR5ZlBjVGRlaXdjOFlDaXRUZ3ZOQng5NXhHZEt0NEhjQlM2TkdOdUNWYU5ZL3Ywdmk4WFMKRkpEZllDUEMyMU1lY1BZWWpVYTZncXZEc1N1bjV1Y051RmpjS3Zzd0lRUG1GdXNvaXNkZG1QWDk4ajM2bTZmeApzRmhKSElEQ2E3VW5mY3lqdEIyelN3SURBUUFCbzFZd1ZEQU9CZ05WSFE4QkFmOEVCQU1DQmFBd0V3WURWUjBsCkJBd3dDZ1lJS3dZQkJRVUhBd0l3REFZRFZSMFRBUUgvQkFJd0FEQWZCZ05WSFNNRUdEQVdnQlFSNElRMWsxL2UKa0w4SW9BM29wbHAwTjVhTnR6QU5CZ2txaGtpRzl3MEJBUXNGQUFPQ0FnRUFZMFpOVXkyK0c0YkFiRjJkcjYyZgovTTYrRzF2YmVDb3BjTHNSZlh4cXN2OGVRMUFxN0JBcEsxNEpMcU5pOERMMFdmZk1rVjJpc0NDQlNPeDlBWjhZCmtFSjY2LzlkcDlIZ2hybzBLdms3VjQxZ284MUxSOVdOOWIrbkY2ekhQT3NWdDlGaExwbGJnbW5RM2xzM2x6b3EKVHRualNHWkJQRlZrOWFab0tnQnJ0eFVNMjdPbEQxY3ByMW05OGZuMGd4aW10MWRIbVJldnd6U1Z2TjRxc3kvSwo2ZmxZby9pQzRjZ2VWSG9LWkhaZnJQTlpDa3R3MHR6Y2RySGtzNkVUMjF2cEx4Vmt4RWp3c0xaYXVFODZrOU1tCk9vY040aXBVNlhDa1Q0VU9Hc2JsQTVzTXh6cXFEU0dCNWJuNUQ1dzA0dDZRM1MxYnkyclYvL1ovYWREOTk4ODMKczNrYnQ0SktlVVNHZ0d3NXR4V0JHbjl3SG5xTit4R2pUUDF1cGU4Nm9xbmdKUHh3cjVHazNBMVZyaEhOVURzOQo0MDBoMXpGUFFhcnF5UlBPNmpkWENoMUpGdWhKR2NieEpXK21aV1JNSm92V21BVlRnYy81cVpDL3orblFRU0VrCkNhcmN4K2dXZit5Q2h3K0tnUFBwWTNhVWNEK1p4cDFOdzBBM1YrQ2t2bTlDdnI2cTdWOVpIcllFNDZGTWJZVnYKZStSSEE3WFYzSW1GTmg3L1JmZGMxRk9XbGxaUWtJQ0tydUJSM0k2c01VUWVyTVdmNFdGdGVVK0tQL2pCR0JkNQp5cy9xMVhVZTFVejZjVno4bWtCdC9WQ2FtaHdCdFBXV1FLTVFxNER1TkFYbU9qU2ZNUGtTTGhjZDFzbFNnUnN4CnF4VVBjZWFRMHRkZnFOYkR0SEwyaFdJPQotLS0tLUVORCBDRVJUSUZJQ0FURS0tLS0tCg==",
                "client_key": "LS0tLS1CRUdJTiBSU0EgUFJJVkFURSBLRVktLS0tLQpNSUlKSndJQkFBS0NBZ0VBb2l2aFkzS2hMajhydzlUK3JrUXJmdG9EUWNKaHRLNStMQUI5QkFpeVAxU3o5aG0zCmV2SHpoODJOVWp2Zk9KUS90aXNPYVBDdThWS1lncU1VVWtpcldXOFBmMndyUDhHTjliSnNGbzFIQWRVeG1ZU1kKTFgxVW92NmorQ2tvWlYxZ29ZTWxmWmtGdlNEVW1idDhPSVlabXB0c0VEMXgzSkFWSk13Y05nMDVnSkg4MDV1SwoyUks4SzZIcHFYK0pkdnpOOWJKa3FUT3VPbHF0b2JQTUliWFJ2Qll4MUM0ZmlmV1Z2NWdpbWwyV3F5TGZDa2FwClhBbVBYQWtreDA1dHBBUXk1cVZ3VGpTSzFpOGtWS2dsZWV1amxUN1gyNnpBK2xFVU1kZkxLZm03aUlyMksxWWUKdWltRk4xM2NQNUl6UndzcklqUHltQy9VR2orUHJQNjZhY2pRaGh3RUNFZnA0VHNHaUJiL1ZEQ3lsaFRQNTdpWgo4d3FsV04rVWJ1bXpib2dLWXh4NU8wZnJlWkJmejZJNU04Z2FMNnp5K3R1aWFmZld0STdudC9KYU5DbHRsNkgzCms1dWw0SDNHQ2lFdjkrWlBtcEtySFJMYndLRWR1WDBUR1lKUENpbHdLUFNLU0lRYmRiMzNSZStQVW42c2ZiUzkKQU9oMUlEeU83UkJtQU5acHFwN1hrOVJLRE9oVzk0VzZuTi9zOW4rckNxdVBMR01xT2s4bnozRTNYb3NIUEdBbwpyVTRMelFjZmVjUm5TcmVCM0FVdWpSamJnbFdqV1A3OUw0dkYwaFNRMzJBand0dFRIbkQyR0kxR3VvS3J3N0VyCnArYm5EYmhZM0NyN01DRUQ1aGJyS0lySFhaajEvZkk5K3B1bjhiQllTUnlBd211MUozM01vN1FkczBzQ0F3RUEKQVFLQ0FnQXBvWW9pdFhLYkpLeGZnWFkvMWxBMEtGTmR0a0RPMlZ5YWZ5V1l1NExHcnovamxZWjhrVkFyTktGcQowdVBpNm12UW9BejY4NDUxZFBhaDBxdU0xQXJvMHBIdjdCek9LU29BUU9WdWhLWU4ybVQ1UEFpMDVNK3RhQ0UvCnU1RWJOSFZ5QVBERzVWbUx5N25JSFZFdVVYNlJLZ1Q3eGtwTWpOQmd1ZVVrR3hELzZIbzIrRjhVaXJLem9NVVQKTmlKYjRWb2VFTVcyaWdYWUJSODl1NkpUcFJGS2I0Z3JLQXdBcG9MaXhITmRuVmpvWmZOTCtBZlNFTUkwcGtSQwp4ZWR2aTRSbG9XTExNTUhUYWhheGhOamFDNXZhM0Y4ZGphT2NudVBJUjlWbjJTeERTU2tZeHVyc2IydzdZbVVBCkROQU5GTmpsMXVBWUlXOFpyZWQ4U1lnaFQrUDNvT0JKMW1jOGFLY0ZHKzBwYjlXYWFrVmhCNVhDZGFySFFSWWYKRXpyOVgwOU5EYUp5OWFJcm1rWG11bTg4WktQb0lKa0kzUStQTm8yTklUMmVhZXpoZ2tQTXdza2dsWjdCT3pYbQo4ZVphcWxuR09JTi95M1hEY053YzRKREFSTmltSnFwOXg2djAvYjRZSEJWY0p6ZFhaMDNRcUFXSXhnTDZ3LzMyCkY0YUliRDd5ME9ybWJjYjJTd3dUR3F0K1Nmajg4VnQrV0treUlVSFhDR2xYZWhJRXBpaGNmRUFhTFR5WjNJVy8KQ09XYVl5OWdyUjFaemphRjY5czZwcy93TDlad2RuZkhiY2pDNGIva1JXL3haeWE0Ui9TZFZabjFjUFNtNGJGSQpaUmU1cXVNbG5jZElOS2pXZUE3VEc3b0NnMFlnTGRTdkNRNDJsbHFRQVBuQlRtbXF3UUtDQVFFQXhhNGc2Z3pxCnJBcUk4YmZVN0lrUE5xR0ptS2Z1dGptV1pJVUlpYzQyTlZvSDI3RGlBWHBudmQvNC9FTnJnSVQxNFkwNGxkVE8KbTA3bDVXbStxc0svdjVveE9lU1NCNW5ERkZlLzd0UnZseE1oZGZ0WWVPNk5rbkU4QzVXbzVkaUJKT29iVTQ2cAp3dENYSnBEaTJ5dnV2ZGUzdXlwK0FmSFBGdzcvWWNaWTRvYlVFTHZ2RjV4N3N6K1dmcUgwWUFJa2JzOUtPdkxWCi9Ea2Rhb1l5TW81VEZEL045aStuRkRVUFZRZU1vNEo3L0JRZE5vMkJpTDZIMGFTcTNDcEtpU1V6TWtWZVBaM0IKS0pZekNYK2VOTnFXdWZMQUpmYkdPQTFkWGxPWDZzWVN4VmZGSEY0a0x5L0NRUHE4eXdNNDRCczVWdTE2Sk5KQQp5L3lYY2h3SGhZSStmUUtDQVFFQTBnUHdCNG9rc2p2d2ZqcmdreTRlVFpGb0IvdWFRQU1lTlB1dFVyZVAwQUFsClFFMmlqazU2cjhoL0htSUUxN1VySGtkTnppS2h1RjFqanF0aWRrbEFVMWkxeSt6NWtDbDRNWEtqckFIOXBiZ2sKbUpVYXJrcnk3UlUyaGxlUm93WEVUNTh2RW1qZERpM3VJOHRNWGpuSFdZWWl4RWdmSmg3L3VXUkRpbVl6SzZYOApxSzRZZmlYbHFIVEdVNisyTEE1Q3dNQzdZcjJIRHFCbW9MTWxLbzFQUS9EbXZGQ1NuMEpkWTdSckJOTTZjN1BOCnRqRHlqY3VaZGJ3ZHUyOVZmalNFNFhCcnYwOVczeUNsc1drNkZkVnlFOEdUaElXcUlSK3Z4S2VBaUVVenQ0R0QKN292enZnNTlnWWhxQkJmWXgvVGVnemY0LzhIOUhIcEM3Nm8rejlyN1p3S0NBUUFLM1dFdHUvd0I3S3BPTHI1agpLYjFPVVY2UXAxbzFaY0RnVVhlQXEzYkxRK0YrcjZBY1dLL3UvYXBmb3d6N2lWTkNURks1MlhKcGt0S0w0MTM1CllLN05SeHBCaGxDSVhta2NheDQvY0NtWjhoRTZ2TS9HQmNaK0wvOE8yL0RtZ1JuSC81MzAzN2h3M3FvUUVwS0YKWFVySDRGMVd5aVVXMGtXQmpPOTRYa0J3WXR5dzlzTlRWdVJ0bTZjWDJxcmx3L2hncHIvN3NYRVZaY1k2SHBvUApzVWJickE0VDQ5YVpBN21PQU5ZMy9tbjJGdHpzTEtiYjd5emoxdHNWTXJYYUI5TmloZkdDRFhPYVdYY0FwS1Q3ClhyQStGQnQvZXFxMlZmVzF3MzVzQnVydE1iL0JxV0x2dlA0K09BbThWcmIvaWorQ2laYlhBejlRZHRlVUMvcFYKMml5NUFvSUJBQUZpWlVLbmRuWjJUcStHVTlTa2lTNlp0c1hXc3IyWlI2bXh2d0s4a3dZYitpTGlZQi93Qkg4RQpJMUpmOHdnNCtYL0ptSW16VUwyV1lBR2d2NVZvQmpTR2NTeFc4NDR2dDhzYnBsaUw2dEFjMXFEcTJySXJiRTZECnhVZzlhNGhYa1dPMCtPcDJKbjdoYnFCdHhxTVlYbWdJcWxJQTU3T29vS2JvTWtuSFFxOFcrUU5qb21XeWVrRVMKQS95cE85b3VmZUluWXhUVGl3QmRyaytBM3MzWkFKekNDY05VQktOb0hKVjdxdmp0SzRWM3VmTnBmeS9RRjhMZQo2cE5CdUo2TVdoUGlXZE41QW1tV0hZRjk0QlFreEF1OVN1dWt0ZXBoK3hhZ3hBZ2g3S1ZaQlRXZFZvMzZLbm1nCkhKTEtWWE43K2J1RHN2QjhwdDU1TDlmRWw0Vm5QQ0VDZ2dFQUhKNzhhMEE5aGdkSVJYdGMyOFdEdHhxYlVIaDgKZjA2Mmlvdi9qYWZlckRYejhkSGdlWndYNVZpQmJTQUUzcno2V0NCUWhpVlZ6VEJqUG1uUHlaVmEzWnI5ZXFnSQpRc0hsNktiWENoajRFcXR1TzFHQjFMVGNURTQ2Zmp4enRDdjRJODlBM0lPREtKam1oWGlOTW0wZkp1b2hvc21FCkxrM0puQXpRMzAxYWpCVHlXU1JPeHUyZDBLQUtBQW5JL0E3Z2duS1NZTDYwaXRKU1NpcWUwK2dVbi9jMXVUUmcKcWNONTNhMmxLcERvV1l0L1ZIeFhkMEtSSGpOSWVwYmFBd0xOMUphOTFrUmEyWUdBNk1hcHpjbVhMblJtL1NVNApPbU9maUtKc01NcFNETEU4c1NLbnc0ZWsyb2d4OWdDWXhkbitnbVdQSTdyU1J1YjVnOFZOcEhGcFJBPT0KLS0tLS1FTkQgUlNBIFBSSVZBVEUgS0VZLS0tLS0K",
                "cluster_ca_certificate": "LS0tLS1CRUdJTiBDRVJUSUZJQ0FURS0tLS0tCk1JSUU2RENDQXRDZ0F3SUJBZ0lRSFE4OXp0dEVFTDlsT2xVR2R1eWRIREFOQmdrcWhraUc5dzBCQVFzRkFEQU4KTVFzd0NRWURWUVFERXdKallUQWdGdzB5TlRFeE1UZ3lNelF6TXpGYUdBOHlNRFUxTVRFeE9ESXpOVE16TVZvdwpEVEVMTUFrR0ExVUVBeE1DWTJFd2dnSWlNQTBHQ1NxR1NJYjNEUUVCQVFVQUE0SUNEd0F3Z2dJS0FvSUNBUUN6Cm1Yc2R3R05nRk9ZeXVPeVV5NXhoNlRKTkcvSTN1c1M2RHF0dDE4aHFuQVdQUjdPRHJHelh6TC9rR1ZKc1BtbE8KSHR2K1dDQk1QbHdjall6UjR4NVo2d3FULytaUkduT0M1bU9xaHVrb2w5NCtKUVRXMWFqWTlBZDFqNVBDY3gzOApQUGE4UTFWZ3J0YmdERnFabkU1SDBpNVRibjZ4NDNuYVI0eTZKRXZTaXFkU1A3dFNGNERWY3pTd0dFNTBkTEl5CnNWL0FzVGEvZFNtNHJ6SjJWeDhkbWtldnJlT3BpRWNYN3lPcjh3Ump4c3FETjZiUlpRMGFNYmhsVkZIc0lCZ04KcEh1S1lqajNsWjAzUDZTTHhRblg1Yk1lOG1rMEhsaXVKcndTaFNUclFOZU40NkFBUlY5T0NPdElMYVpsb2MyUgo2MlMxSTNYU0d1SU5YaTl5eGtCYXE4OWpJaEVXYUFyS1VZanJ0SGJqU2lueXppMzFVbFNvR1FTRE5QQXBtUitRCndkcW9jZldaREwvVHg2WHBDTGlKekpCM25TNE11a2Q2WXFMMTV6TWxJREdqQVV5clJqOXk0dks3OXdTQkxWTDIKUE5hZlAvM0h1N0NweTh6QlhpSWEyMEE3TW9XVEZuY2RHMUduVXRTU2ZtZDZlMnpGZmxidHRPUTl6dmdXUzF6RQpSSXl5R0oxU3ZKTlVWcDFGSGhZR0VLNms3c21aRGZhSnVvTzZCdHN1cGVCMU8rVkxob1QvMVZZcTdVQ1RHd2RJCjFkdlNPcHJzZ3g1dDI4Wk1VcTdvTUJVUnNEcjlDMkNVSFJ1dEhvb1BDRk82WWxMcWJ6S3BKd04xeWVvMkJoaVIKUlJWRG9aUU1sdUlFRjlRYkdJZDhoUVc0empmLytjYW9WL2lTc2k3VmRRSURBUUFCbzBJd1FEQU9CZ05WSFE4QgpBZjhFQkFNQ0FxUXdEd1lEVlIwVEFRSC9CQVV3QXdFQi96QWRCZ05WSFE0RUZnUVVFZUNFTlpOZjNwQy9DS0FOCjZLWmFkRGVXamJjd0RRWUpLb1pJaHZjTkFRRUxCUUFEZ2dJQkFBaWlxbTdyYUR1U3dIV29ublowNGZZODFaUHAKeWxMVGRKVlJTSlFwNkNlcTZaRVhkbHhrdjZqd0VwY2Zuc09FQXNQeGlEelYxK2d3UHJ1R0VWMFViMGwyMlIrUApSMjhUUkdlOTB3enpEbm1Gd2RpL2hYS05JU2Q3WVIySmQ5ZVZGSFBselJySy91Qy96VW1lR01rNzQ4M1VvMUVTCkxBK2Y4YTJCMGNjbEZKZWFKdGxIOGVrblJLVVNaeU5LeTZsUHFBK0xxWFpoLzhJdmlxbmREYldWT0JwUVVLUUIKVzkrdG1nLzdlTUxqc3FqNSt2ZUxPZUg4YWw2MnlKdlJpaVpOUldLK0tLdHpJUTNPbVhpbElOa3BOTDJLckllWgo2aFN4VjJQV3owWHdVdm5SWVp4UlRkY2Q3dnNCK2czdEpNNWR0V3JkT2dlR20zQzc1TWZoRWNmOFRSQ2ZITGdGClBVUThxNXZ2b1N4NGE1NUtHL2M5am82WnVFdERWaHJVbGp4TGliMU1aY0RieElXbWhTVEZJd0hCblV5NWZLUlUKKzVOYVVLUVFtaDVHazg5OXhaQXZ4OWg4dGVYSkczMjB2SU8vVU1kaHBPTmFMM2JIRWp2UTZiOEVDdkN5Q2VnYQpucXlvNVI5L3Q4c3BFNTV0aU5MMUlKaDBCMTBUSUp6aEZPYUVQT0hpWFhkbFlzSEJlb2s0RGtBTmJkUm5JL0ZXCk1PeE9ESXZIWUZjZUl5UXJ3SlRUOFNFaFV2NFF1d2d3VVBZVHdPaXM0ZjhVVnQzbGt2R0tQamJxdGV4TXFuODkKQVovMStndmtrbFkrcVN1UDVqSVV1aDA2bzNYaVJMRkZpSmcwNWZlcldtaGRGQWlXTVRORGFZb0cyNUVUNUs2NgpTTnpwWTBpK0owK2ZkRi8rCi0tLS0tRU5EIENFUlRJRklDQVRFLS0tLS0K",
                "host": "https://nimbusrg-wo46fxlw.hcp.westeurope.azmk8s.io:443",
                "password": "b2qivp9inaexik9yxjyclf5pzr3uj5gnvytg2c9hk6k30sxd5rilra8405zf5zwhipyafaow99y8iryallxori2dkh1jc14fbno8bgbjljq96ripbfkhw0c8ck5no7eu",
                "username": "clusterUser_nimbusrg-rg_nimbusrg-aks"
              }
            ],
            "kube_config_raw": "apiVersion: v1\nclusters:\n- cluster:\n    certificate-authority-data: LS0tLS1CRUdJTiBDRVJUSUZJQ0FURS0tLS0tCk1JSUU2RENDQXRDZ0F3SUJBZ0lRSFE4OXp0dEVFTDlsT2xVR2R1eWRIREFOQmdrcWhraUc5dzBCQVFzRkFEQU4KTVFzd0NRWURWUVFERXdKallUQWdGdzB5TlRFeE1UZ3lNelF6TXpGYUdBOHlNRFUxTVRFeE9ESXpOVE16TVZvdwpEVEVMTUFrR0ExVUVBeE1DWTJFd2dnSWlNQTBHQ1NxR1NJYjNEUUVCQVFVQUE0SUNEd0F3Z2dJS0FvSUNBUUN6Cm1Yc2R3R05nRk9ZeXVPeVV5NXhoNlRKTkcvSTN1c1M2RHF0dDE4aHFuQVdQUjdPRHJHelh6TC9rR1ZKc1BtbE8KSHR2K1dDQk1QbHdjall6UjR4NVo2d3FULytaUkduT0M1bU9xaHVrb2w5NCtKUVRXMWFqWTlBZDFqNVBDY3gzOApQUGE4UTFWZ3J0YmdERnFabkU1SDBpNVRibjZ4NDNuYVI0eTZKRXZTaXFkU1A3dFNGNERWY3pTd0dFNTBkTEl5CnNWL0FzVGEvZFNtNHJ6SjJWeDhkbWtldnJlT3BpRWNYN3lPcjh3Ump4c3FETjZiUlpRMGFNYmhsVkZIc0lCZ04KcEh1S1lqajNsWjAzUDZTTHhRblg1Yk1lOG1rMEhsaXVKcndTaFNUclFOZU40NkFBUlY5T0NPdElMYVpsb2MyUgo2MlMxSTNYU0d1SU5YaTl5eGtCYXE4OWpJaEVXYUFyS1VZanJ0SGJqU2lueXppMzFVbFNvR1FTRE5QQXBtUitRCndkcW9jZldaREwvVHg2WHBDTGlKekpCM25TNE11a2Q2WXFMMTV6TWxJREdqQVV5clJqOXk0dks3OXdTQkxWTDIKUE5hZlAvM0h1N0NweTh6QlhpSWEyMEE3TW9XVEZuY2RHMUduVXRTU2ZtZDZlMnpGZmxidHRPUTl6dmdXUzF6RQpSSXl5R0oxU3ZKTlVWcDFGSGhZR0VLNms3c21aRGZhSnVvTzZCdHN1cGVCMU8rVkxob1QvMVZZcTdVQ1RHd2RJCjFkdlNPcHJzZ3g1dDI4Wk1VcTdvTUJVUnNEcjlDMkNVSFJ1dEhvb1BDRk82WWxMcWJ6S3BKd04xeWVvMkJoaVIKUlJWRG9aUU1sdUlFRjlRYkdJZDhoUVc0empmLytjYW9WL2lTc2k3VmRRSURBUUFCbzBJd1FEQU9CZ05WSFE4QgpBZjhFQkFNQ0FxUXdEd1lEVlIwVEFRSC9CQVV3QXdFQi96QWRCZ05WSFE0RUZnUVVFZUNFTlpOZjNwQy9DS0FOCjZLWmFkRGVXamJjd0RRWUpLb1pJaHZjTkFRRUxCUUFEZ2dJQkFBaWlxbTdyYUR1U3dIV29ublowNGZZODFaUHAKeWxMVGRKVlJTSlFwNkNlcTZaRVhkbHhrdjZqd0VwY2Zuc09FQXNQeGlEelYxK2d3UHJ1R0VWMFViMGwyMlIrUApSMjhUUkdlOTB3enpEbm1Gd2RpL2hYS05JU2Q3WVIySmQ5ZVZGSFBselJySy91Qy96VW1lR01rNzQ4M1VvMUVTCkxBK2Y4YTJCMGNjbEZKZWFKdGxIOGVrblJLVVNaeU5LeTZsUHFBK0xxWFpoLzhJdmlxbmREYldWT0JwUVVLUUIKVzkrdG1nLzdlTUxqc3FqNSt2ZUxPZUg4YWw2MnlKdlJpaVpOUldLK0tLdHpJUTNPbVhpbElOa3BOTDJLckllWgo2aFN4VjJQV3owWHdVdm5SWVp4UlRkY2Q3dnNCK2czdEpNNWR0V3JkT2dlR20zQzc1TWZoRWNmOFRSQ2ZITGdGClBVUThxNXZ2b1N4NGE1NUtHL2M5am82WnVFdERWaHJVbGp4TGliMU1aY0RieElXbWhTVEZJd0hCblV5NWZLUlUKKzVOYVVLUVFtaDVHazg5OXhaQXZ4OWg4dGVYSkczMjB2SU8vVU1kaHBPTmFMM2JIRWp2UTZiOEVDdkN5Q2VnYQpucXlvNVI5L3Q4c3BFNTV0aU5MMUlKaDBCMTBUSUp6aEZPYUVQT0hpWFhkbFlzSEJlb2s0RGtBTmJkUm5JL0ZXCk1PeE9ESXZIWUZjZUl5UXJ3SlRUOFNFaFV2NFF1d2d3VVBZVHdPaXM0ZjhVVnQzbGt2R0tQamJxdGV4TXFuODkKQVovMStndmtrbFkrcVN1UDVqSVV1aDA2bzNYaVJMRkZpSmcwNWZlcldtaGRGQWlXTVRORGFZb0cyNUVUNUs2NgpTTnpwWTBpK0owK2ZkRi8rCi0tLS0tRU5EIENFUlRJRklDQVRFLS0tLS0K\n    server: https://nimbusrg-wo46fxlw.hcp.westeurope.azmk8s.io:443\n  name: nimbusrg-aks\ncontexts:\n- context:\n    cluster: nimbusrg-aks\n    user: clusterUser_nimbusrg-rg_nimbusrg-aks\n  name: nimbusrg-aks\ncurrent-context: nimbusrg-aks\nkind: Config\npreferences: {}\nusers:\n- name: clusterUser_nimbusrg-rg_nimbusrg-aks\n  user:\n    client-certificate-data: LS0tLS1CRUdJTiBDRVJUSUZJQ0FURS0tLS0tCk1JSUZIVENDQXdXZ0F3SUJBZ0lRRm5xSWNiZUE3RDk1UFhMSytLOXRuREFOQmdrcWhraUc5dzBCQVFzRkFEQU4KTVFzd0NRWURWUVFERXdKallUQWVGdzB5TlRFeE1UZ3lNelF6TXpGYUZ3MHlOekV4TVRneU16VXpNekZhTURBeApGekFWQmdOVkJBb1REbk41YzNSbGJUcHRZWE4wWlhKek1SVXdFd1lEVlFRREV3eHRZWE4wWlhKamJHbGxiblF3CmdnSWlNQTBHQ1NxR1NJYjNEUUVCQVFVQUE0SUNEd0F3Z2dJS0FvSUNBUUNpSytGamNxRXVQeXZEMVA2dVJDdCsKMmdOQndtRzBybjRzQUgwRUNMSS9WTFAyR2JkNjhmT0h6WTFTTzk4NGxEKzJLdzVvOEs3eFVwaUNveFJTU0t0WgpidzkvYkNzL3dZMzFzbXdXalVjQjFUR1poSmd0ZlZTaS9xUDRLU2hsWFdDaGd5VjltUVc5SU5TWnUzdzRoaG1hCm0yd1FQWEhja0JVa3pCdzJEVG1Ba2Z6VG00clpFcndyb2VtcGY0bDIvTTMxc21TcE02NDZXcTJoczh3aHRkRzgKRmpIVUxoK0o5WlcvbUNLYVhaYXJJdDhLUnFsY0NZOWNDU1RIVG0ya0JETG1wWEJPTklyV0x5UlVxQ1Y1NjZPVgpQdGZick1ENlVSUXgxOHNwK2J1SWl2WXJWaDY2S1lVM1hkdy9rak5IQ3lzaU0vS1lMOVFhUDQrcy9ycHB5TkNHCkhBUUlSK25oT3dhSUZ2OVVNTEtXRk0vbnVKbnpDcVZZMzVSdTZiTnVpQXBqSEhrN1IrdDVrRi9Qb2prenlCb3YKclBMNjI2SnA5OWEwanVlMzhsbzBLVzJYb2ZlVG02WGdmY1lLSVMvMzVrK2FrcXNkRXR2QW9SMjVmUk1aZ2s4SwpLWEFvOUlwSWhCdDF2ZmRGNzQ5U2ZxeDl0TDBBNkhVZ1BJN3RFR1lBMW1tcW50ZVQxRW9NNkZiM2hicWMzK3oyCmY2c0txNDhzWXlvNlR5ZlBjVGRlaXdjOFlDaXRUZ3ZOQng5NXhHZEt0NEhjQlM2TkdOdUNWYU5ZL3Ywdmk4WFMKRkpEZllDUEMyMU1lY1BZWWpVYTZncXZEc1N1bjV1Y051RmpjS3Zzd0lRUG1GdXNvaXNkZG1QWDk4ajM2bTZmeApzRmhKSElEQ2E3VW5mY3lqdEIyelN3SURBUUFCbzFZd1ZEQU9CZ05WSFE4QkFmOEVCQU1DQmFBd0V3WURWUjBsCkJBd3dDZ1lJS3dZQkJRVUhBd0l3REFZRFZSMFRBUUgvQkFJd0FEQWZCZ05WSFNNRUdEQVdnQlFSNElRMWsxL2UKa0w4SW9BM29wbHAwTjVhTnR6QU5CZ2txaGtpRzl3MEJBUXNGQUFPQ0FnRUFZMFpOVXkyK0c0YkFiRjJkcjYyZgovTTYrRzF2YmVDb3BjTHNSZlh4cXN2OGVRMUFxN0JBcEsxNEpMcU5pOERMMFdmZk1rVjJpc0NDQlNPeDlBWjhZCmtFSjY2LzlkcDlIZ2hybzBLdms3VjQxZ284MUxSOVdOOWIrbkY2ekhQT3NWdDlGaExwbGJnbW5RM2xzM2x6b3EKVHRualNHWkJQRlZrOWFab0tnQnJ0eFVNMjdPbEQxY3ByMW05OGZuMGd4aW10MWRIbVJldnd6U1Z2TjRxc3kvSwo2ZmxZby9pQzRjZ2VWSG9LWkhaZnJQTlpDa3R3MHR6Y2RySGtzNkVUMjF2cEx4Vmt4RWp3c0xaYXVFODZrOU1tCk9vY040aXBVNlhDa1Q0VU9Hc2JsQTVzTXh6cXFEU0dCNWJuNUQ1dzA0dDZRM1MxYnkyclYvL1ovYWREOTk4ODMKczNrYnQ0SktlVVNHZ0d3NXR4V0JHbjl3SG5xTit4R2pUUDF1cGU4Nm9xbmdKUHh3cjVHazNBMVZyaEhOVURzOQo0MDBoMXpGUFFhcnF5UlBPNmpkWENoMUpGdWhKR2NieEpXK21aV1JNSm92V21BVlRnYy81cVpDL3orblFRU0VrCkNhcmN4K2dXZit5Q2h3K0tnUFBwWTNhVWNEK1p4cDFOdzBBM1YrQ2t2bTlDdnI2cTdWOVpIcllFNDZGTWJZVnYKZStSSEE3WFYzSW1GTmg3L1JmZGMxRk9XbGxaUWtJQ0tydUJSM0k2c01VUWVyTVdmNFdGdGVVK0tQL2pCR0JkNQp5cy9xMVhVZTFVejZjVno4bWtCdC9WQ2FtaHdCdFBXV1FLTVFxNER1TkFYbU9qU2ZNUGtTTGhjZDFzbFNnUnN4CnF4VVBjZWFRMHRkZnFOYkR0SEwyaFdJPQotLS0tLUVORCBDRVJUSUZJQ0FURS0tLS0tCg==\n    client-key-data: LS0tLS1CRUdJTiBSU0EgUFJJVkFURSBLRVktLS0tLQpNSUlKSndJQkFBS0NBZ0VBb2l2aFkzS2hMajhydzlUK3JrUXJmdG9EUWNKaHRLNStMQUI5QkFpeVAxU3o5aG0zCmV2SHpoODJOVWp2Zk9KUS90aXNPYVBDdThWS1lncU1VVWtpcldXOFBmMndyUDhHTjliSnNGbzFIQWRVeG1ZU1kKTFgxVW92NmorQ2tvWlYxZ29ZTWxmWmtGdlNEVW1idDhPSVlabXB0c0VEMXgzSkFWSk13Y05nMDVnSkg4MDV1SwoyUks4SzZIcHFYK0pkdnpOOWJKa3FUT3VPbHF0b2JQTUliWFJ2Qll4MUM0ZmlmV1Z2NWdpbWwyV3F5TGZDa2FwClhBbVBYQWtreDA1dHBBUXk1cVZ3VGpTSzFpOGtWS2dsZWV1amxUN1gyNnpBK2xFVU1kZkxLZm03aUlyMksxWWUKdWltRk4xM2NQNUl6UndzcklqUHltQy9VR2orUHJQNjZhY2pRaGh3RUNFZnA0VHNHaUJiL1ZEQ3lsaFRQNTdpWgo4d3FsV04rVWJ1bXpib2dLWXh4NU8wZnJlWkJmejZJNU04Z2FMNnp5K3R1aWFmZld0STdudC9KYU5DbHRsNkgzCms1dWw0SDNHQ2lFdjkrWlBtcEtySFJMYndLRWR1WDBUR1lKUENpbHdLUFNLU0lRYmRiMzNSZStQVW42c2ZiUzkKQU9oMUlEeU83UkJtQU5acHFwN1hrOVJLRE9oVzk0VzZuTi9zOW4rckNxdVBMR01xT2s4bnozRTNYb3NIUEdBbwpyVTRMelFjZmVjUm5TcmVCM0FVdWpSamJnbFdqV1A3OUw0dkYwaFNRMzJBand0dFRIbkQyR0kxR3VvS3J3N0VyCnArYm5EYmhZM0NyN01DRUQ1aGJyS0lySFhaajEvZkk5K3B1bjhiQllTUnlBd211MUozM01vN1FkczBzQ0F3RUEKQVFLQ0FnQXBvWW9pdFhLYkpLeGZnWFkvMWxBMEtGTmR0a0RPMlZ5YWZ5V1l1NExHcnovamxZWjhrVkFyTktGcQowdVBpNm12UW9BejY4NDUxZFBhaDBxdU0xQXJvMHBIdjdCek9LU29BUU9WdWhLWU4ybVQ1UEFpMDVNK3RhQ0UvCnU1RWJOSFZ5QVBERzVWbUx5N25JSFZFdVVYNlJLZ1Q3eGtwTWpOQmd1ZVVrR3hELzZIbzIrRjhVaXJLem9NVVQKTmlKYjRWb2VFTVcyaWdYWUJSODl1NkpUcFJGS2I0Z3JLQXdBcG9MaXhITmRuVmpvWmZOTCtBZlNFTUkwcGtSQwp4ZWR2aTRSbG9XTExNTUhUYWhheGhOamFDNXZhM0Y4ZGphT2NudVBJUjlWbjJTeERTU2tZeHVyc2IydzdZbVVBCkROQU5GTmpsMXVBWUlXOFpyZWQ4U1lnaFQrUDNvT0JKMW1jOGFLY0ZHKzBwYjlXYWFrVmhCNVhDZGFySFFSWWYKRXpyOVgwOU5EYUp5OWFJcm1rWG11bTg4WktQb0lKa0kzUStQTm8yTklUMmVhZXpoZ2tQTXdza2dsWjdCT3pYbQo4ZVphcWxuR09JTi95M1hEY053YzRKREFSTmltSnFwOXg2djAvYjRZSEJWY0p6ZFhaMDNRcUFXSXhnTDZ3LzMyCkY0YUliRDd5ME9ybWJjYjJTd3dUR3F0K1Nmajg4VnQrV0treUlVSFhDR2xYZWhJRXBpaGNmRUFhTFR5WjNJVy8KQ09XYVl5OWdyUjFaemphRjY5czZwcy93TDlad2RuZkhiY2pDNGIva1JXL3haeWE0Ui9TZFZabjFjUFNtNGJGSQpaUmU1cXVNbG5jZElOS2pXZUE3VEc3b0NnMFlnTGRTdkNRNDJsbHFRQVBuQlRtbXF3UUtDQVFFQXhhNGc2Z3pxCnJBcUk4YmZVN0lrUE5xR0ptS2Z1dGptV1pJVUlpYzQyTlZvSDI3RGlBWHBudmQvNC9FTnJnSVQxNFkwNGxkVE8KbTA3bDVXbStxc0svdjVveE9lU1NCNW5ERkZlLzd0UnZseE1oZGZ0WWVPNk5rbkU4QzVXbzVkaUJKT29iVTQ2cAp3dENYSnBEaTJ5dnV2ZGUzdXlwK0FmSFBGdzcvWWNaWTRvYlVFTHZ2RjV4N3N6K1dmcUgwWUFJa2JzOUtPdkxWCi9Ea2Rhb1l5TW81VEZEL045aStuRkRVUFZRZU1vNEo3L0JRZE5vMkJpTDZIMGFTcTNDcEtpU1V6TWtWZVBaM0IKS0pZekNYK2VOTnFXdWZMQUpmYkdPQTFkWGxPWDZzWVN4VmZGSEY0a0x5L0NRUHE4eXdNNDRCczVWdTE2Sk5KQQp5L3lYY2h3SGhZSStmUUtDQVFFQTBnUHdCNG9rc2p2d2ZqcmdreTRlVFpGb0IvdWFRQU1lTlB1dFVyZVAwQUFsClFFMmlqazU2cjhoL0htSUUxN1VySGtkTnppS2h1RjFqanF0aWRrbEFVMWkxeSt6NWtDbDRNWEtqckFIOXBiZ2sKbUpVYXJrcnk3UlUyaGxlUm93WEVUNTh2RW1qZERpM3VJOHRNWGpuSFdZWWl4RWdmSmg3L3VXUkRpbVl6SzZYOApxSzRZZmlYbHFIVEdVNisyTEE1Q3dNQzdZcjJIRHFCbW9MTWxLbzFQUS9EbXZGQ1NuMEpkWTdSckJOTTZjN1BOCnRqRHlqY3VaZGJ3ZHUyOVZmalNFNFhCcnYwOVczeUNsc1drNkZkVnlFOEdUaElXcUlSK3Z4S2VBaUVVenQ0R0QKN292enZnNTlnWWhxQkJmWXgvVGVnemY0LzhIOUhIcEM3Nm8rejlyN1p3S0NBUUFLM1dFdHUvd0I3S3BPTHI1agpLYjFPVVY2UXAxbzFaY0RnVVhlQXEzYkxRK0YrcjZBY1dLL3UvYXBmb3d6N2lWTkNURks1MlhKcGt0S0w0MTM1CllLN05SeHBCaGxDSVhta2NheDQvY0NtWjhoRTZ2TS9HQmNaK0wvOE8yL0RtZ1JuSC81MzAzN2h3M3FvUUVwS0YKWFVySDRGMVd5aVVXMGtXQmpPOTRYa0J3WXR5dzlzTlRWdVJ0bTZjWDJxcmx3L2hncHIvN3NYRVZaY1k2SHBvUApzVWJickE0VDQ5YVpBN21PQU5ZMy9tbjJGdHpzTEtiYjd5emoxdHNWTXJYYUI5TmloZkdDRFhPYVdYY0FwS1Q3ClhyQStGQnQvZXFxMlZmVzF3MzVzQnVydE1iL0JxV0x2dlA0K09BbThWcmIvaWorQ2laYlhBejlRZHRlVUMvcFYKMml5NUFvSUJBQUZpWlVLbmRuWjJUcStHVTlTa2lTNlp0c1hXc3IyWlI2bXh2d0s4a3dZYitpTGlZQi93Qkg4RQpJMUpmOHdnNCtYL0ptSW16VUwyV1lBR2d2NVZvQmpTR2NTeFc4NDR2dDhzYnBsaUw2dEFjMXFEcTJySXJiRTZECnhVZzlhNGhYa1dPMCtPcDJKbjdoYnFCdHhxTVlYbWdJcWxJQTU3T29vS2JvTWtuSFFxOFcrUU5qb21XeWVrRVMKQS95cE85b3VmZUluWXhUVGl3QmRyaytBM3MzWkFKekNDY05VQktOb0hKVjdxdmp0SzRWM3VmTnBmeS9RRjhMZQo2cE5CdUo2TVdoUGlXZE41QW1tV0hZRjk0QlFreEF1OVN1dWt0ZXBoK3hhZ3hBZ2g3S1ZaQlRXZFZvMzZLbm1nCkhKTEtWWE43K2J1RHN2QjhwdDU1TDlmRWw0Vm5QQ0VDZ2dFQUhKNzhhMEE5aGdkSVJYdGMyOFdEdHhxYlVIaDgKZjA2Mmlvdi9qYWZlckRYejhkSGdlWndYNVZpQmJTQUUzcno2V0NCUWhpVlZ6VEJqUG1uUHlaVmEzWnI5ZXFnSQpRc0hsNktiWENoajRFcXR1TzFHQjFMVGNURTQ2Zmp4enRDdjRJODlBM0lPREtKam1oWGlOTW0wZkp1b2hvc21FCkxrM0puQXpRMzAxYWpCVHlXU1JPeHUyZDBLQUtBQW5JL0E3Z2duS1NZTDYwaXRKU1NpcWUwK2dVbi9jMXVUUmcKcWNONTNhMmxLcERvV1l0L1ZIeFhkMEtSSGpOSWVwYmFBd0xOMUphOTFrUmEyWUdBNk1hcHpjbVhMblJtL1NVNApPbU9maUtKc01NcFNETEU4c1NLbnc0ZWsyb2d4OWdDWXhkbitnbVdQSTdyU1J1YjVnOFZOcEhGcFJBPT0KLS0tLS1FTkQgUlNBIFBSSVZBVEUgS0VZLS0tLS0K\n    token: b2qivp9inaexik9yxjyclf5pzr3uj5gnvytg2c9hk6k30sxd5rilra8405zf5zwhipyafaow99y8iryallxori2dkh1jc14fbno8bgbjljq96ripbfkhw0c8ck5no7eu\n",
            "kubelet_identity": [
              {
                "client_id": "d896017b-fecd-4bc6-819b-499ee6e19e9b",
                "object_id": "dcde5317-4da4-433f-a27a-1ca72bfa6c5d",
                "user_assigned_identity_id": "/subscriptions/96ff9675-52b4-4653-b8b2-0d83cccf37fe/resourceGroups/MC_nimbusrg-rg_nimbusrg-aks_westeurope/providers/Microsoft.ManagedIdentity/userAssignedIdentities/nimbusrg-aks-agentpool"
              }
            ],
            "kubernetes_version": "1.32",
            "linux_profile": [],
            "local_account_disabled": false,
            "location": "westeurope",
            "maintenance_window": [],
            "maintenance_window_auto_upgrade": [],
            "maintenance_window_node_os": [],
            "microsoft_defender": [],
            "monitor_metrics": [],
            "name": "nimbusrg-aks",
            "network_profile": [
              {
                "advanced_networking": [],
                "dns_service_ip": "10.0.0.10",
                "ip_versions": [
                  "IPv4"
                ],
                "load_balancer_profile": [
                  {
                    "backend_pool_type": "NodeIPConfiguration",
                    "effective_outbound_ips": [
                      "/subscriptions/96ff9675-52b4-4653-b8b2-0d83cccf37fe/resourceGroups/MC_nimbusrg-rg_nimbusrg-aks_westeurope/providers/Microsoft.Network/publicIPAddresses/837953aa-42c4-48d2-a3a7-2b8c4a9ce9c7"
                    ],
                    "idle_timeout_in_minutes": 0,
                    "managed_outbound_ip_count": 1,
                    "managed_outbound_ipv6_count": 0,
                    "outbound_ip_address_ids": [],
                    "outbound_ip_prefix_ids": [],
                    "outbound_ports_allocated": 0
                  }
                ],
                "load_balancer_sku": "standard",
                "nat_gateway_profile": [],
                "network_data_plane": "azure",
                "network_mode": "",
                "network_plugin": "azure",
                "network_plugin_mode": "overlay",
                "network_policy": "",
                "outbound_type": "loadBalancer",
                "pod_cidr": "10.244.0.0/16",
                "pod_cidrs": [
                  "10.244.0.0/16"
                ],
                "service_cidr": "10.0.0.0/16",
                "service_cidrs": [
                  "10.0.0.0/16"
                ]
              }
            ],
            "node_os_upgrade_channel": "NodeImage",
            "node_resource_group": "MC_nimbusrg-rg_nimbusrg-aks_westeurope",
            "node_resource_group_id": "/subscriptions/96ff9675-52b4-4653-b8b2-0d83cccf37fe/resourceGroups/MC_nimbusrg-rg_nimbusrg-aks_westeurope",
            "oidc_issuer_enabled": false,
            "oidc_issuer_url": "",
            "oms_agent": [],
            "open_service_mesh_enabled": null,
            "portal_fqdn": "nimbusrg-wo46fxlw.portal.hcp.westeurope.azmk8s.io",
            "private_cluster_enabled": false,
            "private_cluster_public_fqdn_enabled": false,
            "private_dns_zone_id": "",
            "private_fqdn": "",
            "resource_group_name": "nimbusrg-rg",
            "role_based_access_control_enabled": true,
            "run_command_enabled": true,
            "service_mesh_profile": [],
            "service_principal": [],
            "sku_tier": "Free",
            "storage_profile": [],
            "support_plan": "KubernetesOfficial",
            "tags": {
              "environment": "Dev",
              "owner": "nimbus"
            },
            "timeouts": null,
            "upgrade_override": [],
            "web_app_routing": [],
            "windows_profile": [],
            "workload_autoscaler_profile": [],
            "workload_identity_enabled": false
          },
          "sensitive_attributes": [
            [
              {
                "type": "get_attr",
                "value": "kube_admin_config"
              }
            ],
            [
              {
                "type": "get_attr",
                "value": "kube_admin_config_raw"
              }
            ],
            [
              {
                "type": "get_attr",
                "value": "kube_config"
              }
            ],
            [
              {
                "type": "get_attr",
                "value": "kube_config_raw"
              }
            ]
          ],
          "identity_schema_version": 0,
          "private": "eyJlMmJmYjczMC1lY2FhLTExZTYtOGY4OC0zNDM2M2JjN2M0YzAiOnsiY3JlYXRlIjo1NDAwMDAwMDAwMDAwLCJkZWxldGUiOjU0MDAwMDAwMDAwMDAsInJlYWQiOjMwMDAwMDAwMDAwMCwidXBkYXRlIjo1NDAwMDAwMDAwMDAwfSwic2NoZW1hX3ZlcnNpb24iOiIyIn0=",
          "dependencies": [
            "azurerm_resource_group.rg"
          ]
        }
      ]
    },
    {
      "mode": "managed",
      "type": "azurerm_resource_group",
      "name": "rg",
      "provider": "provider[\"registry.terraform.io/hashicorp/azurerm\"]",
      "instances": [
        {
          "schema_version": 0,
          "attributes": {
            "id": "/subscriptions/96ff9675-52b4-4653-b8b2-0d83cccf37fe/resourceGroups/nimbusrg-rg",
            "location": "westeurope",
            "managed_by": "",
            "name": "nimbusrg-rg",
            "tags": {
              "environment": "Dev",
              "owner": "nimbus"
            },
            "timeouts": null
          },
          "sensitive_attributes": [],
          "identity_schema_version": 0,
          "private": "eyJlMmJmYjczMC1lY2FhLTExZTYtOGY4OC0zNDM2M2JjN2M0YzAiOnsiY3JlYXRlIjo1NDAwMDAwMDAwMDAwLCJkZWxldGUiOjU0MDAwMDAwMDAwMDAsInJlYWQiOjMwMDAwMDAwMDAwMCwidXBkYXRlIjo1NDAwMDAwMDAwMDAwfX0="
        }
      ]
    },
    {
      "mode": "managed",
      "type": "azurerm_role_assignment",
      "name": "aks_acr_pull",
      "provider": "provider[\"registry.terraform.io/hashicorp/azurerm\"]",
      "instances": [
        {
          "schema_version": 0,
          "attributes": {
            "condition": "",
            "condition_version": "",
            "delegated_managed_identity_resource_id": "",
            "description": "",
            "id": "/subscriptions/96ff9675-52b4-4653-b8b2-0d83cccf37fe/resourceGroups/nimbusrg-rg/providers/Microsoft.ContainerRegistry/registries/nimbusrgacrw04nz/providers/Microsoft.Authorization/roleAssignments/bc957a4c-74cf-6265-4ef1-a0aaa14f07c5",
            "name": "bc957a4c-74cf-6265-4ef1-a0aaa14f07c5",
            "principal_id": "dcde5317-4da4-433f-a27a-1ca72bfa6c5d",
            "principal_type": "ServicePrincipal",
            "role_definition_id": "/subscriptions/96ff9675-52b4-4653-b8b2-0d83cccf37fe/providers/Microsoft.Authorization/roleDefinitions/7f951dda-4ed3-4680-a7ca-43fe172d538d",
            "role_definition_name": "AcrPull",
            "scope": "/subscriptions/96ff9675-52b4-4653-b8b2-0d83cccf37fe/resourceGroups/nimbusrg-rg/providers/Microsoft.ContainerRegistry/registries/nimbusrgacrw04nz",
            "skip_service_principal_aad_check": null,
            "timeouts": null
          },
          "sensitive_attributes": [],
          "identity_schema_version": 0,
          "private": "eyJlMmJmYjczMC1lY2FhLTExZTYtOGY4OC0zNDM2M2JjN2M0YzAiOnsiY3JlYXRlIjoxODAwMDAwMDAwMDAwLCJkZWxldGUiOjE4MDAwMDAwMDAwMDAsInJlYWQiOjMwMDAwMDAwMDAwMH19",
          "dependencies": [
            "azurerm_container_registry.acr",
            "azurerm_kubernetes_cluster.aks",
            "azurerm_resource_group.rg",
            "random_string.sfx"
          ]
        }
      ]
    },
    {
      "mode": "managed",
      "type": "azurerm_role_assignment",
      "name": "you_kv_secrets_officer",
      "provider": "provider[\"registry.terraform.io/hashicorp/azurerm\"]",
      "instances": [
        {
          "schema_version": 0,
          "attributes": {
            "condition": "",
            "condition_version": "",
            "delegated_managed_identity_resource_id": "",
            "description": "",
            "id": "/subscriptions/96ff9675-52b4-4653-b8b2-0d83cccf37fe/resourceGroups/nimbusrg-rg/providers/Microsoft.KeyVault/vaults/nimbusrg-kvw04nz/providers/Microsoft.Authorization/roleAssignments/ce0505e7-ca52-a61a-d81c-22cf9682c7ec",
            "name": "ce0505e7-ca52-a61a-d81c-22cf9682c7ec",
            "principal_id": "2fa28e03-acd7-4d8b-bd4c-e51b4c795754",
            "principal_type": "User",
            "role_definition_id": "/subscriptions/96ff9675-52b4-4653-b8b2-0d83cccf37fe/providers/Microsoft.Authorization/roleDefinitions/b86a8fe4-44ce-4948-aee5-eccb2c155cd7",
            "role_definition_name": "Key Vault Secrets Officer",
            "scope": "/subscriptions/96ff9675-52b4-4653-b8b2-0d83cccf37fe/resourceGroups/nimbusrg-rg/providers/Microsoft.KeyVault/vaults/nimbusrg-kvw04nz",
            "skip_service_principal_aad_check": null,
            "timeouts": null
          },
          "sensitive_attributes": [],
          "identity_schema_version": 0,
          "private": "eyJlMmJmYjczMC1lY2FhLTExZTYtOGY4OC0zNDM2M2JjN2M0YzAiOnsiY3JlYXRlIjoxODAwMDAwMDAwMDAwLCJkZWxldGUiOjE4MDAwMDAwMDAwMDAsInJlYWQiOjMwMDAwMDAwMDAwMH19",
          "dependencies": [
            "azurerm_key_vault.kv",
            "azurerm_resource_group.rg",
            "data.azurerm_client_config.current",
            "random_string.sfx"
          ]
        }
      ]
    },
    {
      "mode": "managed",
      "type": "azurerm_storage_account",
      "name": "sa",
      "provider": "provider[\"registry.terraform.io/hashicorp/azurerm\"]",
      "instances": [
        {
          "schema_version": 4,
          "attributes": {
            "access_tier": "Hot",
            "account_kind": "StorageV2",
            "account_replication_type": "LRS",
            "account_tier": "Standard",
            "allow_nested_items_to_be_public": true,
            "allowed_copy_scope": "",
            "azure_files_authentication": [],
            "blob_properties": [
              {
                "change_feed_enabled": false,
                "change_feed_retention_in_days": 0,
                "container_delete_retention_policy": [],
                "cors_rule": [],
                "default_service_version": "",
                "delete_retention_policy": [],
                "last_access_time_enabled": false,
                "restore_policy": [],
                "versioning_enabled": false
              }
            ],
            "cross_tenant_replication_enabled": false,
            "custom_domain": [],
            "customer_managed_key": [],
            "default_to_oauth_authentication": false,
            "dns_endpoint_type": "Standard",
            "edge_zone": "",
            "https_traffic_only_enabled": true,
            "id": "/subscriptions/96ff9675-52b4-4653-b8b2-0d83cccf37fe/resourceGroups/nimbusrg-rg/providers/Microsoft.Storage/storageAccounts/nimbusrgsaw04nz",
            "identity": [],
            "immutability_policy": [],
            "infrastructure_encryption_enabled": false,
            "is_hns_enabled": false,
            "large_file_share_enabled": false,
            "local_user_enabled": true,
            "location": "westeurope",
            "min_tls_version": "TLS1_2",
            "name": "nimbusrgsaw04nz",
            "network_rules": [],
            "nfsv3_enabled": false,
            "primary_access_key": "hNDaSiZJ6kUxiEJPNR3zcGMS+j/revITVnAdRXhLVwpgDi8VImC1jbfgGoTINpSLkao5VXFEOcCX+ASt6O0c6w==",
            "primary_blob_connection_string": "DefaultEndpointsProtocol=https;BlobEndpoint=https://nimbusrgsaw04nz.blob.core.windows.net/;AccountName=nimbusrgsaw04nz;AccountKey=hNDaSiZJ6kUxiEJPNR3zcGMS+j/revITVnAdRXhLVwpgDi8VImC1jbfgGoTINpSLkao5VXFEOcCX+ASt6O0c6w==",
            "primary_blob_endpoint": "https://nimbusrgsaw04nz.blob.core.windows.net/",
            "primary_blob_host": "nimbusrgsaw04nz.blob.core.windows.net",
            "primary_blob_internet_endpoint": "",
            "primary_blob_internet_host": "",
            "primary_blob_microsoft_endpoint": "",
            "primary_blob_microsoft_host": "",
            "primary_connection_string": "DefaultEndpointsProtocol=https;AccountName=nimbusrgsaw04nz;AccountKey=hNDaSiZJ6kUxiEJPNR3zcGMS+j/revITVnAdRXhLVwpgDi8VImC1jbfgGoTINpSLkao5VXFEOcCX+ASt6O0c6w==;EndpointSuffix=core.windows.net",
            "primary_dfs_endpoint": "https://nimbusrgsaw04nz.dfs.core.windows.net/",
            "primary_dfs_host": "nimbusrgsaw04nz.dfs.core.windows.net",
            "primary_dfs_internet_endpoint": "",
            "primary_dfs_internet_host": "",
            "primary_dfs_microsoft_endpoint": "",
            "primary_dfs_microsoft_host": "",
            "primary_file_endpoint": "https://nimbusrgsaw04nz.file.core.windows.net/",
            "primary_file_host": "nimbusrgsaw04nz.file.core.windows.net",
            "primary_file_internet_endpoint": "",
            "primary_file_internet_host": "",
            "primary_file_microsoft_endpoint": "",
            "primary_file_microsoft_host": "",
            "primary_location": "westeurope",
            "primary_queue_endpoint": "https://nimbusrgsaw04nz.queue.core.windows.net/",
            "primary_queue_host": "nimbusrgsaw04nz.queue.core.windows.net",
            "primary_queue_microsoft_endpoint": "",
            "primary_queue_microsoft_host": "",
            "primary_table_endpoint": "https://nimbusrgsaw04nz.table.core.windows.net/",
            "primary_table_host": "nimbusrgsaw04nz.table.core.windows.net",
            "primary_table_microsoft_endpoint": "",
            "primary_table_microsoft_host": "",
            "primary_web_endpoint": "https://nimbusrgsaw04nz.z6.web.core.windows.net/",
            "primary_web_host": "nimbusrgsaw04nz.z6.web.core.windows.net",
            "primary_web_internet_endpoint": "",
            "primary_web_internet_host": "",
            "primary_web_microsoft_endpoint": "",
            "primary_web_microsoft_host": "",
            "provisioned_billing_model_version": "",
            "public_network_access_enabled": true,
            "queue_encryption_key_type": "Service",
            "queue_properties": [
              {
                "cors_rule": [],
                "hour_metrics": [
                  {
                    "enabled": false,
                    "include_apis": false,
                    "retention_policy_days": 0,
                    "version": "1.0"
                  }
                ],
                "logging": [
                  {
                    "delete": false,
                    "read": false,
                    "retention_policy_days": 0,
                    "version": "1.0",
                    "write": false
                  }
                ],
                "minute_metrics": [
                  {
                    "enabled": false,
                    "include_apis": false,
                    "retention_policy_days": 0,
                    "version": "1.0"
                  }
                ]
              }
            ],
            "resource_group_name": "nimbusrg-rg",
            "routing": [],
            "sas_policy": [],
            "secondary_access_key": "y0qaBPGQ9f38/vK2l+Kb8NpV6oiHjETMlxxFsunCeUTcYym1oq22QVTmfcjABqLnSks8FPB/K+TV+AStbYNq/w==",
            "secondary_blob_connection_string": "",
            "secondary_blob_endpoint": "",
            "secondary_blob_host": "",
            "secondary_blob_internet_endpoint": "",
            "secondary_blob_internet_host": "",
            "secondary_blob_microsoft_endpoint": "",
            "secondary_blob_microsoft_host": "",
            "secondary_connection_string": "DefaultEndpointsProtocol=https;AccountName=nimbusrgsaw04nz;AccountKey=y0qaBPGQ9f38/vK2l+Kb8NpV6oiHjETMlxxFsunCeUTcYym1oq22QVTmfcjABqLnSks8FPB/K+TV+AStbYNq/w==;EndpointSuffix=core.windows.net",
            "secondary_dfs_endpoint": "",
            "secondary_dfs_host": "",
            "secondary_dfs_internet_endpoint": "",
            "secondary_dfs_internet_host": "",
            "secondary_dfs_microsoft_endpoint": "",
            "secondary_dfs_microsoft_host": "",
            "secondary_file_endpoint": "",
            "secondary_file_host": "",
            "secondary_file_internet_endpoint": "",
            "secondary_file_internet_host": "",
            "secondary_file_microsoft_endpoint": "",
            "secondary_file_microsoft_host": "",
            "secondary_location": "",
            "secondary_queue_endpoint": "",
            "secondary_queue_host": "",
            "secondary_queue_microsoft_endpoint": "",
            "secondary_queue_microsoft_host": "",
            "secondary_table_endpoint": "",
            "secondary_table_host": "",
            "secondary_table_microsoft_endpoint": "",
            "secondary_table_microsoft_host": "",
            "secondary_web_endpoint": "",
            "secondary_web_host": "",
            "secondary_web_internet_endpoint": "",
            "secondary_web_internet_host": "",
            "secondary_web_microsoft_endpoint": "",
            "secondary_web_microsoft_host": "",
            "sftp_enabled": false,
            "share_properties": [
              {
                "cors_rule": [],
                "retention_policy": [
                  {
                    "days": 7
                  }
                ],
                "smb": []
              }
            ],
            "shared_access_key_enabled": true,
            "static_website": [],
            "table_encryption_key_type": "Service",
            "tags": {
              "environment": "Dev",
              "owner": "nimbus"
            },
            "timeouts": null
          },
          "sensitive_attributes": [
            [
              {
                "type": "get_attr",
                "value": "primary_access_key"
              }
            ],
            [
              {
                "type": "get_attr",
                "value": "primary_blob_connection_string"
              }
            ],
            [
              {
                "type": "get_attr",
                "value": "primary_connection_string"
              }
            ],
            [
              {
                "type": "get_attr",
                "value": "secondary_access_key"
              }
            ],
            [
              {
                "type": "get_attr",
                "value": "secondary_blob_connection_string"
              }
            ],
            [
              {
                "type": "get_attr",
                "value": "secondary_connection_string"
              }
            ]
          ],
          "identity_schema_version": 0,
          "identity": {
            "name": "nimbusrgsaw04nz",
            "resource_group_name": "nimbusrg-rg",
            "subscription_id": "96ff9675-52b4-4653-b8b2-0d83cccf37fe"
          },
          "private": "eyJlMmJmYjczMC1lY2FhLTExZTYtOGY4OC0zNDM2M2JjN2M0YzAiOnsiY3JlYXRlIjozNjAwMDAwMDAwMDAwLCJkZWxldGUiOjM2MDAwMDAwMDAwMDAsInJlYWQiOjMwMDAwMDAwMDAwMCwidXBkYXRlIjozNjAwMDAwMDAwMDAwfSwic2NoZW1hX3ZlcnNpb24iOiI0In0=",
          "dependencies": [
            "azurerm_resource_group.rg",
            "random_string.sfx"
          ]
        }
      ]
    },
    {
      "mode": "managed",
      "type": "azurerm_storage_container",
      "name": "tfstate",
      "provider": "provider[\"registry.terraform.io/hashicorp/azurerm\"]",
      "instances": [
        {
          "schema_version": 1,
          "attributes": {
            "container_access_type": "private",
            "default_encryption_scope": "$account-encryption-key",
            "encryption_scope_override_enabled": true,
            "has_immutability_policy": false,
            "has_legal_hold": false,
            "id": "https://nimbusrgsaw04nz.blob.core.windows.net/tfstate",
            "metadata": {},
            "name": "tfstate",
            "resource_manager_id": "/subscriptions/96ff9675-52b4-4653-b8b2-0d83cccf37fe/resourceGroups/nimbusrg-rg/providers/Microsoft.Storage/storageAccounts/nimbusrgsaw04nz/blobServices/default/containers/tfstate",
            "storage_account_id": null,
            "storage_account_name": "nimbusrgsaw04nz",
            "timeouts": null
          },
          "sensitive_attributes": [],
          "identity_schema_version": 0,
          "private": "eyJlMmJmYjczMC1lY2FhLTExZTYtOGY4OC0zNDM2M2JjN2M0YzAiOnsiY3JlYXRlIjoxODAwMDAwMDAwMDAwLCJkZWxldGUiOjE4MDAwMDAwMDAwMDAsInJlYWQiOjMwMDAwMDAwMDAwMCwidXBkYXRlIjoxODAwMDAwMDAwMDAwfSwic2NoZW1hX3ZlcnNpb24iOiIxIn0=",
          "dependencies": [
            "azurerm_resource_group.rg",
            "azurerm_storage_account.sa",
            "random_string.sfx"
          ]
        }
      ]
    },
    {
      "mode": "managed",
      "type": "random_string",
      "name": "sfx",
      "provider": "provider[\"registry.terraform.io/hashicorp/random\"]",
      "instances": [
        {
          "schema_version": 2,
          "attributes": {
            "id": "w04nz",
            "keepers": null,
            "length": 5,
            "lower": true,
            "min_lower": 0,
            "min_numeric": 0,
            "min_special": 0,
            "min_upper": 0,
            "number": true,
            "numeric": true,
            "override_special": null,
            "result": "w04nz",
            "special": false,
            "upper": false
          },
          "sensitive_attributes": [],
          "identity_schema_version": 0
        }
      ]
    }
  ],
  "check_results": null
}
